
Microsoft Visual Studio Solution File, Format Version 12.00
# Visual Studio Version 17
VisualStudioVersion = 17.2.32630.192
MinimumVisualStudioVersion = 10.0.40219.1
Project("{FAE04EC0-301F-11D3-BF4B-00C04F79EFBC}") = "ConcatPDF", "ConcatPDF\ConcatPDF.csproj", "{CBD1FEED-B550-446E-B52D-CB0CD28146CB}"
EndProject
Global
	GlobalSection(SolutionConfigurationPlatforms) = preSolution
		Debug|Any CPU = Debug|Any CPU
		Release|Any CPU = Release|Any CPU
	EndGlobalSection
	GlobalSection(ProjectConfigurationPlatforms) = postSolution
		{CBD1FEED-B550-446E-B52D-CB0CD28146CB}.Debug|Any CPU.ActiveCfg = Debug|Any CPU
		{CBD1FEED-B550-446E-B52D-CB0CD28146CB}.Debug|Any CPU.Build.0 = Debug|Any CPU
		{CBD1FEED-B550-446E-B52D-CB0CD28146CB}.Release|Any CPU.ActiveCfg = Release|Any CPU
		{CBD1FEED-B550-446E-B52D-CB0CD28146CB}.Release|Any CPU.Build.0 = Release|Any CPU
	EndGlobalSection
	GlobalSection(SolutionProperties) = preSolution
		HideSolutionNode = FALSE
	EndGlobalSection
	GlobalSection(ExtensibilityGlobals) = postSolution
		SolutionGuid = {3A677A24-8216-4582-983B-E283BA9AE9EB}
	EndGlobalSection
EndGlobal
